// !$*UTF8*$!
{
	archiveVersion = 1;
	classes = {
	};
	objectVersion = 46;
	objects = {

/* Begin PBXBuildFile section */
		AB64AFB71E1BF75D005EF75B /* AppDelegate.swift in Sources */ = {isa = PBXBuildFile; fileRef = AB64AFB61E1BF75D005EF75B /* AppDelegate.swift */; };
		AB64AFB91E1BF75D005EF75B /* ViewController.swift in Sources */ = {isa = PBXBuildFile; fileRef = AB64AFB81E1BF75D005EF75B /* ViewController.swift */; };
		AB64AFBC1E1BF75D005EF75B /* Main.storyboard in Resources */ = {isa = PBXBuildFile; fileRef = AB64AFBA1E1BF75D005EF75B /* Main.storyboard */; };
		AB64AFBF1E1BF75D005EF75B /* Sample_WebAPI.xcdatamodeld in Sources */ = {isa = PBXBuildFile; fileRef = AB64AFBD1E1BF75D005EF75B /* Sample_WebAPI.xcdatamodeld */; };
		AB64AFC11E1BF75D005EF75B /* Assets.xcassets in Resources */ = {isa = PBXBuildFile; fileRef = AB64AFC01E1BF75D005EF75B /* Assets.xcassets */; };
		AB64AFC41E1BF75D005EF75B /* LaunchScreen.storyboard in Resources */ = {isa = PBXBuildFile; fileRef = AB64AFC21E1BF75D005EF75B /* LaunchScreen.storyboard */; };
		AB64AFCF1E1BF75D005EF75B /* Sample_WebAPITests.swift in Sources */ = {isa = PBXBuildFile; fileRef = AB64AFCE1E1BF75D005EF75B /* Sample_WebAPITests.swift */; };
/* End PBXBuildFile section */

/* Begin PBXContainerItemProxy section */
		AB64AFCB1E1BF75D005EF75B /* PBXContainerItemProxy */ = {
			isa = PBXContainerItemProxy;
			containerPortal = AB64AFAB1E1BF75D005EF75B /* Project object */;
			proxyType = 1;
			remoteGlobalIDString = AB64AFB21E1BF75D005EF75B;
			remoteInfo = Sample_WebAPI;
		};
/* End PBXContainerItemProxy section */

/* Begin PBXFileReference section */
		AB64AFB31E1BF75D005EF75B /* Sample_WebAPI.app */ = {isa = PBXFileReference; explicitFileType = wrapper.application; includeInIndex = 0; path = Sample_WebAPI.app; sourceTree = BUILT_PRODUCTS_DIR; };
		AB64AFB61E1BF75D005EF75B /* AppDelegate.swift */ = {isa = PBXFileReference; lastKnownFileType = sourcecode.swift; path = AppDelegate.swift; sourceTree = "<group>"; };
		AB64AFB81E1BF75D005EF75B /* ViewController.swift */ = {isa = PBXFileReference; lastKnownFileType = sourcecode.swift; path = ViewController.swift; sourceTree = "<group>"; };
		AB64AFBB1E1BF75D005EF75B /* Base */ = {isa = PBXFileReference; lastKnownFileType = file.storyboard; name = Base; path = Base.lproj/Main.storyboard; sourceTree = "<group>"; };
		AB64AFBE1E1BF75D005EF75B /* Sample_WebAPI.xcdatamodel */ = {isa = PBXFileReference; lastKnownFileType = wrapper.xcdatamodel; path = Sample_WebAPI.xcdatamodel; sourceTree = "<group>"; };
		AB64AFC01E1BF75D005EF75B /* Assets.xcassets */ = {isa = PBXFileReference; lastKnownFileType = folder.assetcatalog; path = Assets.xcassets; sourceTree = "<group>"; };
		AB64AFC31E1BF75D005EF75B /* Base */ = {isa = PBXFileReference; lastKnownFileType = file.storyboard; name = Base; path = Base.lproj/LaunchScreen.storyboard; sourceTree = "<group>"; };
		AB64AFC51E1BF75D005EF75B /* Info.plist */ = {isa = PBXFileReference; lastKnownFileType = text.plist.xml; path = Info.plist; sourceTree = "<group>"; };
		AB64AFCA1E1BF75D005EF75B /* Sample_WebAPITests.xctest */ = {isa = PBXFileReference; explicitFileType = wrapper.cfbundle; includeInIndex = 0; path = Sample_WebAPITests.xctest; sourceTree = BUILT_PRODUCTS_DIR; };
		AB64AFCE1E1BF75D005EF75B /* Sample_WebAPITests.swift */ = {isa = PBXFileReference; lastKnownFileType = sourcecode.swift; path = Sample_WebAPITests.swift; sourceTree = "<group>"; };
		AB64AFD01E1BF75D005EF75B /* Info.plist */ = {isa = PBXFileReference; lastKnownFileType = text.plist.xml; path = Info.plist; sourceTree = "<group>"; };
/* End PBXFileReference section */

/* Begin PBXFrameworksBuildPhase section */
		AB64AFB01E1BF75D005EF75B /* Frameworks */ = {
			isa = PBXFrameworksBuildPhase;
			buildActionMask = 2147483647;
			files = (
			);
			runOnlyForDeploymentPostprocessing = 0;
		};
		AB64AFC71E1BF75D005EF75B /* Frameworks */ = {
			isa = PBXFrameworksBuildPhase;
			buildActionMask = 2147483647;
			files = (
			);
			runOnlyForDeploymentPostprocessing = 0;
		};
/* End PBXFrameworksBuildPhase section */

/* Begin PBXGroup section */
		AB64AFAA1E1BF75D005EF75B = {
			isa = PBXGroup;
			children = (
				AB64AFB51E1BF75D005EF75B /* Sample_WebAPI */,
				AB64AFCD1E1BF75D005EF75B /* Sample_WebAPITests */,
				AB64AFB41E1BF75D005EF75B /* Products */,
			);
			sourceTree = "<group>";
		};
		AB64AFB41E1BF75D005EF75B /* Products */ = {
			isa = PBXGroup;
			children = (
				AB64AFB31E1BF75D005EF75B /* Sample_WebAPI.app */,
				AB64AFCA1E1BF75D005EF75B /* Sample_WebAPITests.xctest */,
			);
			name = Products;
			sourceTree = "<group>";
		};
		AB64AFB51E1BF75D005EF75B /* Sample_WebAPI */ = {
			isa = PBXGroup;
			children = (
				AB64AFB61E1BF75D005EF75B /* AppDelegate.swift */,
				AB64AFB81E1BF75D005EF75B /* ViewController.swift */,
				AB64AFBA1E1BF75D005EF75B /* Main.storyboard */,
				AB64AFC01E1BF75D005EF75B /* Assets.xcassets */,
				AB64AFC21E1BF75D005EF75B /* LaunchScreen.storyboard */,
				AB64AFC51E1BF75D005EF75B /* Info.plist */,
				AB64AFBD1E1BF75D005EF75B /* Sample_WebAPI.xcdatamodeld */,
			);
			path = Sample_WebAPI;
			sourceTree = "<group>";
		};
		AB64AFCD1E1BF75D005EF75B /* Sample_WebAPITests */ = {
			isa = PBXGroup;
			children = (
				AB64AFCE1E1BF75D005EF75B /* Sample_WebAPITests.swift */,
				AB64AFD01E1BF75D005EF75B /* Info.plist */,
			);
			path = Sample_WebAPITests;
			sourceTree = "<group>";
		};
/* End PBXGroup section */

/* Begin PBXNativeTarget section */
		AB64AFB21E1BF75D005EF75B /* Sample_WebAPI */ = {
			isa = PBXNativeTarget;
			buildConfigurationList = AB64AFD31E1BF75D005EF75B /* Build configuration list for PBXNativeTarget "Sample_WebAPI" */;
			buildPhases = (
				AB64AFAF1E1BF75D005EF75B /* Sources */,
				AB64AFB01E1BF75D005EF75B /* Frameworks */,
				AB64AFB11E1BF75D005EF75B /* Resources */,
			);
			buildRules = (
			);
			dependencies = (
			);
			name = Sample_WebAPI;
			productName = Sample_WebAPI;
			productReference = AB64AFB31E1BF75D005EF75B /* Sample_WebAPI.app */;
			productType = "com.apple.product-type.application";
		};
		AB64AFC91E1BF75D005EF75B /* Sample_WebAPITests */ = {
			isa = PBXNativeTarget;
			buildConfigurationList = AB64AFD61E1BF75D005EF75B /* Build configuration list for PBXNativeTarget "Sample_WebAPITests" */;
			buildPhases = (
				AB64AFC61E1BF75D005EF75B /* Sources */,
				AB64AFC71E1BF75D005EF75B /* Frameworks */,
				AB64AFC81E1BF75D005EF75B /* Resources */,
			);
			buildRules = (
			);
			dependencies = (
				AB64AFCC1E1BF75D005EF75B /* PBXTargetDependency */,
			);
			name = Sample_WebAPITests;
			productName = Sample_WebAPITests;
			productReference = AB64AFCA1E1BF75D005EF75B /* Sample_WebAPITests.xctest */;
			productType = "com.apple.product-type.bundle.unit-test";
		};
/* End PBXNativeTarget section */

/* Begin PBXProject section */
		AB64AFAB1E1BF75D005EF75B /* Project object */ = {
			isa = PBXProject;
			attributes = {
				LastSwiftUpdateCheck = 0820;
				LastUpgradeCheck = 0820;
				ORGANIZATIONNAME = Digiclinic;
				TargetAttributes = {
					AB64AFB21E1BF75D005EF75B = {
						CreatedOnToolsVersion = 8.2.1;
						DevelopmentTeam = 4PP8W7V2ZM;
						ProvisioningStyle = Automatic;
					};
					AB64AFC91E1BF75D005EF75B = {
						CreatedOnToolsVersion = 8.2.1;
						DevelopmentTeam = 4PP8W7V2ZM;
						ProvisioningStyle = Automatic;
						TestTargetID = AB64AFB21E1BF75D005EF75B;
					};
				};
			};
			buildConfigurationList = AB64AFAE1E1BF75D005EF75B /* Build configuration list for PBXProject "Sample_WebAPI" */;
			compatibilityVersion = "Xcode 3.2";
			developmentRegion = English;
			hasScannedForEncodings = 0;
			knownRegions = (
				en,
				Base,
			);
			mainGroup = AB64AFAA1E1BF75D005EF75B;
			productRefGroup = AB64AFB41E1BF75D005EF75B /* Products */;
			projectDirPath = "";
			projectRoot = "";
			targets = (
				AB64AFB21E1BF75D005EF75B /* Sample_WebAPI */,
				AB64AFC91E1BF75D005EF75B /* Sample_WebAPITests */,
			);
		};
/* End PBXProject section */

/* Begin PBXResourcesBuildPhase section */
		AB64AFB11E1BF75D005EF75B /* Resources */ = {
			isa = PBXResourcesBuildPhase;
			buildActionMask = 2147483647;
			files = (
				AB64AFC41E1BF75D005EF75B /* LaunchScreen.storyboard in Resources */,
				AB64AFC11E1BF75D005EF75B /* Assets.xcassets in Resources */,
				AB64AFBC1E1BF75D005EF75B /* Main.storyboard in Resources */,
			);
			runOnlyForDeploymentPostprocessing = 0;
		};
		AB64AFC81E1BF75D005EF75B /* Resources */ = {
			isa = PBXResourcesBuildPhase;
			buildActionMask = 2147483647;
			files = (
			);
			runOnlyForDeploymentPostprocessing = 0;
		};
/* End PBXResourcesBuildPhase section */

/* Begin PBXSourcesBuildPhase section */
		AB64AFAF1E1BF75D005EF75B /* Sources */ = {
			isa = PBXSourcesBuildPhase;
			buildActionMask = 2147483647;
			files = (
				AB64AFB91E1BF75D005EF75B /* ViewController.swift in Sources */,
				AB64AFB71E1BF75D005EF75B /* AppDelegate.swift in Sources */,
				AB64AFBF1E1BF75D005EF75B /* Sample_WebAPI.xcdatamodeld in Sources */,
			);
			runOnlyForDeploymentPostprocessing = 0;
		};
		AB64AFC61E1BF75D005EF75B /* Sources */ = {
			isa = PBXSourcesBuildPhase;
			buildActionMask = 2147483647;
			files = (
				AB64AFCF1E1BF75D005EF75B /* Sample_WebAPITests.swift in Sources */,
			);
			runOnlyForDeploymentPostprocessing = 0;
		};
/* End PBXSourcesBuildPhase section */

/* Begin PBXTargetDependency section */
		AB64AFCC1E1BF75D005EF75B /* PBXTargetDependency */ = {
			isa = PBXTargetDependency;
			target = AB64AFB21E1BF75D005EF75B /* Sample_WebAPI */;
			targetProxy = AB64AFCB1E1BF75D005EF75B /* PBXContainerItemProxy */;
		};
/* End PBXTargetDependency section */

/* Begin PBXVariantGroup section */
		AB64AFBA1E1BF75D005EF75B /* Main.storyboard */ = {
			isa = PBXVariantGroup;
			children = (
				AB64AFBB1E1BF75D005EF75B /* Base */,
			);
			name = Main.storyboard;
			sourceTree = "<group>";
		};
		AB64AFC21E1BF75D005EF75B /* LaunchScreen.storyboard */ = {
			isa = PBXVariantGroup;
			children = (
				AB64AFC31E1BF75D005EF75B /* Base */,
			);
			name = LaunchScreen.storyboard;
			sourceTree = "<group>";
		};
/* End PBXVariantGroup section */

/* Begin XCBuildConfiguration section */
		AB64AFD11E1BF75D005EF75B /* Debug */ = {
			isa = XCBuildConfiguration;
			buildSettings = {
				ALWAYS_SEARCH_USER_PATHS = NO;
				CLANG_ANALYZER_NONNULL = YES;
				CLANG_CXX_LANGUAGE_STANDARD = "gnu++0x";
				CLANG_CXX_LIBRARY = "libc++";
				CLANG_ENABLE_MODULES = YES;
				CLANG_ENABLE_OBJC_ARC = YES;
				CLANG_WARN_BOOL_CONVERSION = YES;
				CLANG_WARN_CONSTANT_CONVERSION = YES;
				CLANG_WARN_DIRECT_OBJC_ISA_USAGE = YES_ERROR;
				CLANG_WARN_DOCUMENTATION_COMMENTS = YES;
				CLANG_WARN_EMPTY_BODY = YES;
				CLANG_WARN_ENUM_CONVERSION = YES;
				CLANG_WARN_INFINITE_RECURSION = YES;
				CLANG_WARN_INT_CONVERSION = YES;
				CLANG_WARN_OBJC_ROOT_CLASS = YES_ERROR;
				CLANG_WARN_SUSPICIOUS_MOVE = YES;
				CLANG_WARN_UNREACHABLE_CODE = YES;
				CLANG_WARN__DUPLICATE_METHOD_MATCH = YES;
				"CODE_SIGN_IDENTITY[sdk=iphoneos*]" = "iPhone Developer";
				COPY_PHASE_STRIP = NO;
				DEBUG_INFORMATION_FORMAT = dwarf;
				ENABLE_STRICT_OBJC_MSGSEND = YES;
				ENABLE_TESTABILITY = YES;
				GCC_C_LANGUAGE_STANDARD = gnu99;
				GCC_DYNAMIC_NO_PIC = NO;
				GCC_NO_COMMON_BLOCKS = YES;
				GCC_OPTIMIZATION_LEVEL = 0;
				GCC_PREPROCESSOR_DEFINITIONS = (
					"DEBUG=1",
					"$(inherited)",
				);
				GCC_WARN_64_TO_32_BIT_CONVERSION = YES;
				GCC_WARN_ABOUT_RETURN_TYPE = YES_ERROR;
				GCC_WARN_UNDECLARED_SELECTOR = YES;
				GCC_WARN_UNINITIALIZED_AUTOS = YES_AGGRESSIVE;
				GCC_WARN_UNUSED_FUNCTION = YES;
				GCC_WARN_UNUSED_VARIABLE = YES;
				IPHONEOS_DEPLOYMENT_TARGET = 10.2;
				MTL_ENABLE_DEBUG_INFO = YES;
				ONLY_ACTIVE_ARCH = YES;
				SDKROOT = iphoneos;
				SWIFT_ACTIVE_COMPILATION_CONDITIONS = DEBUG;
				SWIFT_OPTIMIZATION_LEVEL = "-Onone";
				TARGETED_DEVICE_FAMILY = "1,2";
			};
			name = Debug;
		};
		AB64AFD21E1BF75D005EF75B /* Release */ = {
			isa = XCBuildConfiguration;
			buildSettings = {
				ALWAYS_SEARCH_USER_PATHS = NO;
				CLANG_ANALYZER_NONNULL = YES;
				CLANG_CXX_LANGUAGE_STANDARD = "gnu++0x";
				CLANG_CXX_LIBRARY = "libc++";
				CLANG_ENABLE_MODULES = YES;
				CLANG_ENABLE_OBJC_ARC = YES;
				CLANG_WARN_BOOL_CONVERSION = YES;
				CLANG_WARN_CONSTANT_CONVERSION = YES;
				CLANG_WARN_DIRECT_OBJC_ISA_USAGE = YES_ERROR;
				CLANG_WARN_DOCUMENTATION_COMMENTS = YES;
				CLANG_WARN_EMPTY_BODY = YES;
				CLANG_WARN_ENUM_CONVERSION = YES;
				CLANG_WARN_INFINITE_RECURSION = YES;
				CLANG_WARN_INT_CONVERSION = YES;
				CLANG_WARN_OBJC_ROOT_CLASS = YES_ERROR;
				CLANG_WARN_SUSPICIOUS_MOVE = YES;
				CLANG_WARN_UNREACHABLE_CODE = YES;
				CLANG_WARN__DUPLICATE_METHOD_MATCH = YES;
				"CODE_SIGN_IDENTITY[sdk=iphoneos*]" = "iPhone Developer";
				COPY_PHASE_STRIP = NO;
				DEBUG_INFORMATION_FORMAT = "dwarf-with-dsym";
				ENABLE_NS_ASSERTIONS = NO;
				ENABLE_STRICT_OBJC_MSGSEND = YES;
				GCC_C_LANGUAGE_STANDARD = gnu99;
				GCC_NO_COMMON_BLOCKS = YES;
				GCC_WARN_64_TO_32_BIT_CONVERSION = YES;
				GCC_WARN_ABOUT_RETURN_TYPE = YES_ERROR;
				GCC_WARN_UNDECLARED_SELECTOR = YES;
				GCC_WARN_UNINITIALIZED_AUTOS = YES_AGGRESSIVE;
				GCC_WARN_UNUSED_FUNCTION = YES;
				GCC_WARN_UNUSED_VARIABLE = YES;
				IPHONEOS_DEPLOYMENT_TARGET = 10.2;
				MTL_ENABLE_DEBUG_INFO = NO;
				SDKROOT = iphoneos;
				SWIFT_OPTIMIZATION_LEVEL = "-Owholemodule";
				TARGETED_DEVICE_FAMILY = "1,2";
				VALIDATE_PRODUCT = YES;
			};
			name = Release;
		};
		AB64AFD41E1BF75D005EF75B /* Debug */ = {
			isa = XCBuildConfiguration;
			buildSettings = {
				ASSETCATALOG_COMPILER_APPICON_NAME = AppIcon;
				DEVELOPMENT_TEAM = 4PP8W7V2ZM;
				INFOPLIST_FILE = Sample_WebAPI/Info.plist;
				LD_RUNPATH_SEARCH_PATHS = "$(inherited) @executable_path/Frameworks";
				PRODUCT_BUNDLE_IDENTIFIER = "digiclinic.com.Sample-WebAPI";
				PRODUCT_NAME = "$(TARGET_NAME)";
				SWIFT_VERSION = 3.0;
			};
			name = Debug;
		};
		AB64AFD51E1BF75D005EF75B /* Release */ = {
			isa = XCBuildConfiguration;
			buildSettings = {
				ASSETCATALOG_COMPILER_APPICON_NAME = AppIcon;
				DEVELOPMENT_TEAM = 4PP8W7V2ZM;
				INFOPLIST_FILE = Sample_WebAPI/Info.plist;
				LD_RUNPATH_SEARCH_PATHS = "$(inherited) @executable_path/Frameworks";
				PRODUCT_BUNDLE_IDENTIFIER = "digiclinic.com.Sample-WebAPI";
				PRODUCT_NAME = "$(TARGET_NAME)";
				SWIFT_VERSION = 3.0;
			};
			name = Release;
		};
		AB64AFD71E1BF75D005EF75B /* Debug */ = {
			isa = XCBuildConfiguration;
			buildSettings = {
				ALWAYS_EMBED_SWIFT_STANDARD_LIBRARIES = YES;
				BUNDLE_LOADER = "$(TEST_HOST)";
				DEVELOPMENT_TEAM = 4PP8W7V2ZM;
				INFOPLIST_FILE = Sample_WebAPITests/Info.plist;
				LD_RUNPATH_SEARCH_PATHS = "$(inherited) @executable_path/Frameworks @loader_path/Frameworks";
				PRODUCT_BUNDLE_IDENTIFIER = "digiclinic.com.Sample-WebAPITests";
				PRODUCT_NAME = "$(TARGET_NAME)";
				SWIFT_VERSION = 3.0;
				TEST_HOST = "$(BUILT_PRODUCTS_DIR)/Sample_WebAPI.app/Sample_WebAPI";
			};
			name = Debug;
		};
		AB64AFD81E1BF75D005EF75B /* Release */ = {
			isa = XCBuildConfiguration;
			buildSettings = {
				ALWAYS_EMBED_SWIFT_STANDARD_LIBRARIES = YES;
				BUNDLE_LOADER = "$(TEST_HOST)";
				DEVELOPMENT_TEAM = 4PP8W7V2ZM;
				INFOPLIST_FILE = Sample_WebAPITests/Info.plist;
				LD_RUNPATH_SEARCH_PATHS = "$(inherited) @executable_path/Frameworks @loader_path/Frameworks";
				PRODUCT_BUNDLE_IDENTIFIER = "digiclinic.com.Sample-WebAPITests";
				PRODUCT_NAME = "$(TARGET_NAME)";
				SWIFT_VERSION = 3.0;
				TEST_HOST = "$(BUILT_PRODUCTS_DIR)/Sample_WebAPI.app/Sample_WebAPI";
			};
			name = Release;
		};
/* End XCBuildConfiguration section */

/* Begin XCConfigurationList section */
		AB64AFAE1E1BF75D005EF75B /* Build configuration list for PBXProject "Sample_WebAPI" */ = {
			isa = XCConfigurationList;
			buildConfigurations = (
				AB64AFD11E1BF75D005EF75B /* Debug */,
				AB64AFD21E1BF75D005EF75B /* Release */,
			);
			defaultConfigurationIsVisible = 0;
			defaultConfigurationName = Release;
		};
		AB64AFD31E1BF75D005EF75B /* Build configuration list for PBXNativeTarget "Sample_WebAPI" */ = {
			isa = XCConfigurationList;
			buildConfigurations = (
				AB64AFD41E1BF75D005EF75B /* Debug */,
				AB64AFD51E1BF75D005EF75B /* Release */,
			);
			defaultConfigurationIsVisible = 0;
		};
		AB64AFD61E1BF75D005EF75B /* Build configuration list for PBXNativeTarget "Sample_WebAPITests" */ = {
			isa = XCConfigurationList;
			buildConfigurations = (
				AB64AFD71E1BF75D005EF75B /* Debug */,
				AB64AFD81E1BF75D005EF75B /* Release */,
			);
			defaultConfigurationIsVisible = 0;
		};
/* End XCConfigurationList section */

/* Begin XCVersionGroup section */
		AB64AFBD1E1BF75D005EF75B /* Sample_WebAPI.xcdatamodeld */ = {
			isa = XCVersionGroup;
			children = (
				AB64AFBE1E1BF75D005EF75B /* Sample_WebAPI.xcdatamodel */,
			);
			currentVersion = AB64AFBE1E1BF75D005EF75B /* Sample_WebAPI.xcdatamodel */;
			path = Sample_WebAPI.xcdatamodeld;
			sourceTree = "<group>";
			versionGroupType = wrapper.xcdatamodel;
		};
/* End XCVersionGroup section */
	};
	rootObject = AB64AFAB1E1BF75D005EF75B /* Project object */;
}
